// !$*UTF8*$!
{
	archiveVersion = 1;
	classes = {
	};
	objectVersion = 51;
	objects = {

/* Begin PBXBuildFile section */
		99DB9AE123C271B40074634C /* AppDelegate.swift in Sources */ = {isa = PBXBuildFile; fileRef = 99DB9AE023C271B40074634C /* AppDelegate.swift */; };
		99DB9AE323C271B40074634C /* SceneDelegate.swift in Sources */ = {isa = PBXBuildFile; fileRef = 99DB9AE223C271B40074634C /* SceneDelegate.swift */; };
		99DB9AE823C271B40074634C /* Main.storyboard in Resources */ = {isa = PBXBuildFile; fileRef = 99DB9AE623C271B40074634C /* Main.storyboard */; };
		99DB9AEA23C271B70074634C /* Assets.xcassets in Resources */ = {isa = PBXBuildFile; fileRef = 99DB9AE923C271B70074634C /* Assets.xcassets */; };
		99DB9AED23C271B70074634C /* LaunchScreen.storyboard in Resources */ = {isa = PBXBuildFile; fileRef = 99DB9AEB23C271B70074634C /* LaunchScreen.storyboard */; };
		99DB9AF823C271B70074634C /* GigapetTests.swift in Sources */ = {isa = PBXBuildFile; fileRef = 99DB9AF723C271B70074634C /* GigapetTests.swift */; };
		99DB9B0323C271B70074634C /* GigapetUITests.swift in Sources */ = {isa = PBXBuildFile; fileRef = 99DB9B0223C271B70074634C /* GigapetUITests.swift */; };
		99DB9B1623C2B5230074634C /* Gigapet.xcdatamodeld in Sources */ = {isa = PBXBuildFile; fileRef = 99DB9B1423C2B5230074634C /* Gigapet.xcdatamodeld */; };
		99DB9B1823C2B5300074634C /* CoreDataStack.swift in Sources */ = {isa = PBXBuildFile; fileRef = 99DB9B1723C2B5300074634C /* CoreDataStack.swift */; };
		99DB9B1C23C39D020074634C /* FoodCategory.swift in Sources */ = {isa = PBXBuildFile; fileRef = 99DB9B1B23C39D020074634C /* FoodCategory.swift */; };
		99DB9B1E23C39E5B0074634C /* FoodEntryController.swift in Sources */ = {isa = PBXBuildFile; fileRef = 99DB9B1D23C39E5B0074634C /* FoodEntryController.swift */; };
		99DB9B2023C3A4BE0074634C /* UserInfo.swift in Sources */ = {isa = PBXBuildFile; fileRef = 99DB9B1F23C3A4BD0074634C /* UserInfo.swift */; };
		99DB9B2523C3AB880074634C /* AuthViewController.swift in Sources */ = {isa = PBXBuildFile; fileRef = 99DB9B2423C3AB880074634C /* AuthViewController.swift */; };
		99DB9B2A23C3B59B0074634C /* APIRequestType.swift in Sources */ = {isa = PBXBuildFile; fileRef = 99DB9B2923C3B59B0074634C /* APIRequestType.swift */; };
		99DB9B2C23C3B81A0074634C /* FoodEntry+Convenience.swift in Sources */ = {isa = PBXBuildFile; fileRef = 99DB9B2B23C3B81A0074634C /* FoodEntry+Convenience.swift */; };
		99DB9B2E23C3CB230074634C /* FoodEntry+Representation.swift in Sources */ = {isa = PBXBuildFile; fileRef = 99DB9B2D23C3CB230074634C /* FoodEntry+Representation.swift */; };
		99DB9B3023C3D3560074634C /* AuthController.swift in Sources */ = {isa = PBXBuildFile; fileRef = 99DB9B2F23C3D3560074634C /* AuthController.swift */; };
		99DB9B3423C3D4280074634C /* URL+Convenience.swift in Sources */ = {isa = PBXBuildFile; fileRef = 99DB9B3323C3D4280074634C /* URL+Convenience.swift */; };
		99DB9B3F23C4FCE70074634C /* HomeViewController.swift in Sources */ = {isa = PBXBuildFile; fileRef = 99DB9B3E23C4FCE70074634C /* HomeViewController.swift */; };
		99DB9B4323C4FF440074634C /* String+Convenience.swift in Sources */ = {isa = PBXBuildFile; fileRef = 99DB9B4223C4FF440074634C /* String+Convenience.swift */; };
		99DB9B4723C50E9F0074634C /* BrownOtter.svg in Resources */ = {isa = PBXBuildFile; fileRef = 99DB9B4623C50E9E0074634C /* BrownOtter.svg */; };
		99DB9B4923C530BF0074634C /* FeedViewController.swift in Sources */ = {isa = PBXBuildFile; fileRef = 99DB9B4823C530BF0074634C /* FeedViewController.swift */; };
		99DB9B4B23C530E90074634C /* EntriesViewController.swift in Sources */ = {isa = PBXBuildFile; fileRef = 99DB9B4A23C530E90074634C /* EntriesViewController.swift */; };
		99DB9B4D23C530F40074634C /* ChartViewController.swift in Sources */ = {isa = PBXBuildFile; fileRef = 99DB9B4C23C530F40074634C /* ChartViewController.swift */; };
		99DB9B4F23C531500074634C /* GigaPetButton.swift in Sources */ = {isa = PBXBuildFile; fileRef = 99DB9B4E23C531500074634C /* GigaPetButton.swift */; };
		99DB9B5223C53C1C0074634C /* EntriesTableViewDataSource.swift in Sources */ = {isa = PBXBuildFile; fileRef = 99DB9B5123C53C1C0074634C /* EntriesTableViewDataSource.swift */; };
		99DB9B5423C53F1E0074634C /* EntryTableViewCell.swift in Sources */ = {isa = PBXBuildFile; fileRef = 99DB9B5323C53F1E0074634C /* EntryTableViewCell.swift */; };
		99DB9B5623C53F2F0074634C /* TimePeriodTableViewCell.swift in Sources */ = {isa = PBXBuildFile; fileRef = 99DB9B5523C53F2F0074634C /* TimePeriodTableViewCell.swift */; };
		99DB9B5823C53F5C0074634C /* EntryDisplayType.swift in Sources */ = {isa = PBXBuildFile; fileRef = 99DB9B5723C53F5C0074634C /* EntryDisplayType.swift */; };
		99DB9B6123C63F180074634C /* UserAuth.swift in Sources */ = {isa = PBXBuildFile; fileRef = 99DB9B6023C63F180074634C /* UserAuth.swift */; };
		9D5CF39DA6F2A16DE2BA91E6 /* Pods_Gigapet.framework in Frameworks */ = {isa = PBXBuildFile; fileRef = D956DCBDFA14B91403A28D8A /* Pods_Gigapet.framework */; };
		D05C7A23C7AE1B02866E990D /* Pods_Gigapet_GigapetUITests.framework in Frameworks */ = {isa = PBXBuildFile; fileRef = 6FF02C2B5C4EECF9D32D6648 /* Pods_Gigapet_GigapetUITests.framework */; };
		DF6A89C542F7AD6A309D08DD /* Pods_GigapetTests.framework in Frameworks */ = {isa = PBXBuildFile; fileRef = D04FFE09A19C3227EF4D1E34 /* Pods_GigapetTests.framework */; };
/* End PBXBuildFile section */

/* Begin PBXContainerItemProxy section */
		99DB9AF423C271B70074634C /* PBXContainerItemProxy */ = {
			isa = PBXContainerItemProxy;
			containerPortal = 99DB9AD523C271B40074634C /* Project object */;
			proxyType = 1;
			remoteGlobalIDString = 99DB9ADC23C271B40074634C;
			remoteInfo = Gigapet;
		};
		99DB9AFF23C271B70074634C /* PBXContainerItemProxy */ = {
			isa = PBXContainerItemProxy;
			containerPortal = 99DB9AD523C271B40074634C /* Project object */;
			proxyType = 1;
			remoteGlobalIDString = 99DB9ADC23C271B40074634C;
			remoteInfo = Gigapet;
		};
/* End PBXContainerItemProxy section */

/* Begin PBXFileReference section */
		0CC470D860589D32538F0BED /* Pods-Gigapet-GigapetUITests.debug.xcconfig */ = {isa = PBXFileReference; includeInIndex = 1; lastKnownFileType = text.xcconfig; name = "Pods-Gigapet-GigapetUITests.debug.xcconfig"; path = "Target Support Files/Pods-Gigapet-GigapetUITests/Pods-Gigapet-GigapetUITests.debug.xcconfig"; sourceTree = "<group>"; };
		3E535FFCB4D01501E6B09A5A /* Pods-Gigapet.release.xcconfig */ = {isa = PBXFileReference; includeInIndex = 1; lastKnownFileType = text.xcconfig; name = "Pods-Gigapet.release.xcconfig"; path = "Target Support Files/Pods-Gigapet/Pods-Gigapet.release.xcconfig"; sourceTree = "<group>"; };
		6FF02C2B5C4EECF9D32D6648 /* Pods_Gigapet_GigapetUITests.framework */ = {isa = PBXFileReference; explicitFileType = wrapper.framework; includeInIndex = 0; path = Pods_Gigapet_GigapetUITests.framework; sourceTree = BUILT_PRODUCTS_DIR; };
		99A6C86226D52198F518E7D0 /* Pods-GigapetTests.debug.xcconfig */ = {isa = PBXFileReference; includeInIndex = 1; lastKnownFileType = text.xcconfig; name = "Pods-GigapetTests.debug.xcconfig"; path = "Target Support Files/Pods-GigapetTests/Pods-GigapetTests.debug.xcconfig"; sourceTree = "<group>"; };
		99DB9ADD23C271B40074634C /* Gigapet.app */ = {isa = PBXFileReference; explicitFileType = wrapper.application; includeInIndex = 0; path = Gigapet.app; sourceTree = BUILT_PRODUCTS_DIR; };
		99DB9AE023C271B40074634C /* AppDelegate.swift */ = {isa = PBXFileReference; lastKnownFileType = sourcecode.swift; path = AppDelegate.swift; sourceTree = "<group>"; };
		99DB9AE223C271B40074634C /* SceneDelegate.swift */ = {isa = PBXFileReference; lastKnownFileType = sourcecode.swift; path = SceneDelegate.swift; sourceTree = "<group>"; };
		99DB9AE723C271B40074634C /* Base */ = {isa = PBXFileReference; lastKnownFileType = file.storyboard; name = Base; path = Base.lproj/Main.storyboard; sourceTree = "<group>"; };
		99DB9AE923C271B70074634C /* Assets.xcassets */ = {isa = PBXFileReference; lastKnownFileType = folder.assetcatalog; path = Assets.xcassets; sourceTree = "<group>"; };
		99DB9AEC23C271B70074634C /* Base */ = {isa = PBXFileReference; lastKnownFileType = file.storyboard; name = Base; path = Base.lproj/LaunchScreen.storyboard; sourceTree = "<group>"; };
		99DB9AEE23C271B70074634C /* Info.plist */ = {isa = PBXFileReference; lastKnownFileType = text.plist.xml; path = Info.plist; sourceTree = "<group>"; };
		99DB9AF323C271B70074634C /* GigapetTests.xctest */ = {isa = PBXFileReference; explicitFileType = wrapper.cfbundle; includeInIndex = 0; path = GigapetTests.xctest; sourceTree = BUILT_PRODUCTS_DIR; };
		99DB9AF723C271B70074634C /* GigapetTests.swift */ = {isa = PBXFileReference; lastKnownFileType = sourcecode.swift; path = GigapetTests.swift; sourceTree = "<group>"; };
		99DB9AF923C271B70074634C /* Info.plist */ = {isa = PBXFileReference; lastKnownFileType = text.plist.xml; path = Info.plist; sourceTree = "<group>"; };
		99DB9AFE23C271B70074634C /* GigapetUITests.xctest */ = {isa = PBXFileReference; explicitFileType = wrapper.cfbundle; includeInIndex = 0; path = GigapetUITests.xctest; sourceTree = BUILT_PRODUCTS_DIR; };
		99DB9B0223C271B70074634C /* GigapetUITests.swift */ = {isa = PBXFileReference; lastKnownFileType = sourcecode.swift; path = GigapetUITests.swift; sourceTree = "<group>"; };
		99DB9B0423C271B70074634C /* Info.plist */ = {isa = PBXFileReference; lastKnownFileType = text.plist.xml; path = Info.plist; sourceTree = "<group>"; };
		99DB9B1523C2B5230074634C /* Gigapet.xcdatamodel */ = {isa = PBXFileReference; lastKnownFileType = wrapper.xcdatamodel; path = Gigapet.xcdatamodel; sourceTree = "<group>"; };
		99DB9B1723C2B5300074634C /* CoreDataStack.swift */ = {isa = PBXFileReference; lastKnownFileType = sourcecode.swift; path = CoreDataStack.swift; sourceTree = "<group>"; };
		99DB9B1B23C39D020074634C /* FoodCategory.swift */ = {isa = PBXFileReference; lastKnownFileType = sourcecode.swift; path = FoodCategory.swift; sourceTree = "<group>"; };
		99DB9B1D23C39E5B0074634C /* FoodEntryController.swift */ = {isa = PBXFileReference; lastKnownFileType = sourcecode.swift; path = FoodEntryController.swift; sourceTree = "<group>"; };
		99DB9B1F23C3A4BD0074634C /* UserInfo.swift */ = {isa = PBXFileReference; lastKnownFileType = sourcecode.swift; path = UserInfo.swift; sourceTree = "<group>"; };
		99DB9B2423C3AB880074634C /* AuthViewController.swift */ = {isa = PBXFileReference; lastKnownFileType = sourcecode.swift; path = AuthViewController.swift; sourceTree = "<group>"; };
		99DB9B2923C3B59B0074634C /* APIRequestType.swift */ = {isa = PBXFileReference; lastKnownFileType = sourcecode.swift; path = APIRequestType.swift; sourceTree = "<group>"; };
		99DB9B2B23C3B81A0074634C /* FoodEntry+Convenience.swift */ = {isa = PBXFileReference; lastKnownFileType = sourcecode.swift; path = "FoodEntry+Convenience.swift"; sourceTree = "<group>"; };
		99DB9B2D23C3CB230074634C /* FoodEntry+Representation.swift */ = {isa = PBXFileReference; lastKnownFileType = sourcecode.swift; path = "FoodEntry+Representation.swift"; sourceTree = "<group>"; };
		99DB9B2F23C3D3560074634C /* AuthController.swift */ = {isa = PBXFileReference; lastKnownFileType = sourcecode.swift; path = AuthController.swift; sourceTree = "<group>"; };
		99DB9B3323C3D4280074634C /* URL+Convenience.swift */ = {isa = PBXFileReference; lastKnownFileType = sourcecode.swift; path = "URL+Convenience.swift"; sourceTree = "<group>"; };
		99DB9B3E23C4FCE70074634C /* HomeViewController.swift */ = {isa = PBXFileReference; lastKnownFileType = sourcecode.swift; path = HomeViewController.swift; sourceTree = "<group>"; };
		99DB9B4223C4FF440074634C /* String+Convenience.swift */ = {isa = PBXFileReference; lastKnownFileType = sourcecode.swift; path = "String+Convenience.swift"; sourceTree = "<group>"; };
		99DB9B4623C50E9E0074634C /* BrownOtter.svg */ = {isa = PBXFileReference; fileEncoding = 4; lastKnownFileType = text; path = BrownOtter.svg; sourceTree = "<group>"; };
		99DB9B4823C530BF0074634C /* FeedViewController.swift */ = {isa = PBXFileReference; lastKnownFileType = sourcecode.swift; path = FeedViewController.swift; sourceTree = "<group>"; };
		99DB9B4A23C530E90074634C /* EntriesViewController.swift */ = {isa = PBXFileReference; lastKnownFileType = sourcecode.swift; path = EntriesViewController.swift; sourceTree = "<group>"; };
		99DB9B4C23C530F40074634C /* ChartViewController.swift */ = {isa = PBXFileReference; lastKnownFileType = sourcecode.swift; path = ChartViewController.swift; sourceTree = "<group>"; };
		99DB9B4E23C531500074634C /* GigaPetButton.swift */ = {isa = PBXFileReference; lastKnownFileType = sourcecode.swift; path = GigaPetButton.swift; sourceTree = "<group>"; };
		99DB9B5123C53C1C0074634C /* EntriesTableViewDataSource.swift */ = {isa = PBXFileReference; lastKnownFileType = sourcecode.swift; path = EntriesTableViewDataSource.swift; sourceTree = "<group>"; };
		99DB9B5323C53F1E0074634C /* EntryTableViewCell.swift */ = {isa = PBXFileReference; lastKnownFileType = sourcecode.swift; path = EntryTableViewCell.swift; sourceTree = "<group>"; };
		99DB9B5523C53F2F0074634C /* TimePeriodTableViewCell.swift */ = {isa = PBXFileReference; lastKnownFileType = sourcecode.swift; path = TimePeriodTableViewCell.swift; sourceTree = "<group>"; };
		99DB9B5723C53F5C0074634C /* EntryDisplayType.swift */ = {isa = PBXFileReference; lastKnownFileType = sourcecode.swift; path = EntryDisplayType.swift; sourceTree = "<group>"; };
		99DB9B6023C63F180074634C /* UserAuth.swift */ = {isa = PBXFileReference; lastKnownFileType = sourcecode.swift; path = UserAuth.swift; sourceTree = "<group>"; };
		A50DE60A83667D51DD4F6216 /* Pods-Gigapet.debug.xcconfig */ = {isa = PBXFileReference; includeInIndex = 1; lastKnownFileType = text.xcconfig; name = "Pods-Gigapet.debug.xcconfig"; path = "Target Support Files/Pods-Gigapet/Pods-Gigapet.debug.xcconfig"; sourceTree = "<group>"; };
		B885F7701F7053E0215276B7 /* Pods-GigapetTests.release.xcconfig */ = {isa = PBXFileReference; includeInIndex = 1; lastKnownFileType = text.xcconfig; name = "Pods-GigapetTests.release.xcconfig"; path = "Target Support Files/Pods-GigapetTests/Pods-GigapetTests.release.xcconfig"; sourceTree = "<group>"; };
		D04FFE09A19C3227EF4D1E34 /* Pods_GigapetTests.framework */ = {isa = PBXFileReference; explicitFileType = wrapper.framework; includeInIndex = 0; path = Pods_GigapetTests.framework; sourceTree = BUILT_PRODUCTS_DIR; };
		D41ED3DE26015FBF36D9755F /* Pods-Gigapet-GigapetUITests.release.xcconfig */ = {isa = PBXFileReference; includeInIndex = 1; lastKnownFileType = text.xcconfig; name = "Pods-Gigapet-GigapetUITests.release.xcconfig"; path = "Target Support Files/Pods-Gigapet-GigapetUITests/Pods-Gigapet-GigapetUITests.release.xcconfig"; sourceTree = "<group>"; };
		D956DCBDFA14B91403A28D8A /* Pods_Gigapet.framework */ = {isa = PBXFileReference; explicitFileType = wrapper.framework; includeInIndex = 0; path = Pods_Gigapet.framework; sourceTree = BUILT_PRODUCTS_DIR; };
/* End PBXFileReference section */

/* Begin PBXFrameworksBuildPhase section */
		99DB9ADA23C271B40074634C /* Frameworks */ = {
			isa = PBXFrameworksBuildPhase;
			buildActionMask = 2147483647;
			files = (
				9D5CF39DA6F2A16DE2BA91E6 /* Pods_Gigapet.framework in Frameworks */,
			);
			runOnlyForDeploymentPostprocessing = 0;
		};
		99DB9AF023C271B70074634C /* Frameworks */ = {
			isa = PBXFrameworksBuildPhase;
			buildActionMask = 2147483647;
			files = (
				DF6A89C542F7AD6A309D08DD /* Pods_GigapetTests.framework in Frameworks */,
			);
			runOnlyForDeploymentPostprocessing = 0;
		};
		99DB9AFB23C271B70074634C /* Frameworks */ = {
			isa = PBXFrameworksBuildPhase;
			buildActionMask = 2147483647;
			files = (
				D05C7A23C7AE1B02866E990D /* Pods_Gigapet_GigapetUITests.framework in Frameworks */,
			);
			runOnlyForDeploymentPostprocessing = 0;
		};
/* End PBXFrameworksBuildPhase section */

/* Begin PBXGroup section */
		36FE788E13365AD3B7C5394B /* Pods */ = {
			isa = PBXGroup;
			children = (
				A50DE60A83667D51DD4F6216 /* Pods-Gigapet.debug.xcconfig */,
				3E535FFCB4D01501E6B09A5A /* Pods-Gigapet.release.xcconfig */,
				0CC470D860589D32538F0BED /* Pods-Gigapet-GigapetUITests.debug.xcconfig */,
				D41ED3DE26015FBF36D9755F /* Pods-Gigapet-GigapetUITests.release.xcconfig */,
				99A6C86226D52198F518E7D0 /* Pods-GigapetTests.debug.xcconfig */,
				B885F7701F7053E0215276B7 /* Pods-GigapetTests.release.xcconfig */,
			);
			path = Pods;
			sourceTree = "<group>";
		};
		99DB9AD423C271B40074634C = {
			isa = PBXGroup;
			children = (
				99DB9ADF23C271B40074634C /* Gigapet */,
				99DB9AF623C271B70074634C /* GigapetTests */,
				99DB9B0123C271B70074634C /* GigapetUITests */,
				99DB9ADE23C271B40074634C /* Products */,
				36FE788E13365AD3B7C5394B /* Pods */,
				A7D504ADAD6568315F896DFF /* Frameworks */,
			);
			sourceTree = "<group>";
		};
		99DB9ADE23C271B40074634C /* Products */ = {
			isa = PBXGroup;
			children = (
				99DB9ADD23C271B40074634C /* Gigapet.app */,
				99DB9AF323C271B70074634C /* GigapetTests.xctest */,
				99DB9AFE23C271B70074634C /* GigapetUITests.xctest */,
			);
			name = Products;
			sourceTree = "<group>";
		};
		99DB9ADF23C271B40074634C /* Gigapet */ = {
			isa = PBXGroup;
			children = (
				99DB9B5023C531580074634C /* Views */,
				99DB9B2323C3AAD20074634C /* View Controllers */,
				99DB9B5923C545AB0074634C /* UI Delegates & DataSources */,
				99DB9B1123C271E20074634C /* Storyboards */,
				99DB9B1323C2AF020074634C /* Model Controllers */,
				99DB9B1A23C39CB10074634C /* Models */,
				99DB9B4123C4FF2E0074634C /* Helpers & Extensions */,
				99DB9B1023C271C90074634C /* Application */,
			);
			path = Gigapet;
			sourceTree = "<group>";
		};
		99DB9AF623C271B70074634C /* GigapetTests */ = {
			isa = PBXGroup;
			children = (
				99DB9AF723C271B70074634C /* GigapetTests.swift */,
				99DB9AF923C271B70074634C /* Info.plist */,
			);
			path = GigapetTests;
			sourceTree = "<group>";
		};
		99DB9B0123C271B70074634C /* GigapetUITests */ = {
			isa = PBXGroup;
			children = (
				99DB9B0223C271B70074634C /* GigapetUITests.swift */,
				99DB9B0423C271B70074634C /* Info.plist */,
			);
			path = GigapetUITests;
			sourceTree = "<group>";
		};
		99DB9B1023C271C90074634C /* Application */ = {
			isa = PBXGroup;
			children = (
				99DB9AE023C271B40074634C /* AppDelegate.swift */,
				99DB9AE223C271B40074634C /* SceneDelegate.swift */,
				99DB9AE923C271B70074634C /* Assets.xcassets */,
				99DB9B4623C50E9E0074634C /* BrownOtter.svg */,
				99DB9AEE23C271B70074634C /* Info.plist */,
			);
			path = Application;
			sourceTree = "<group>";
		};
		99DB9B1123C271E20074634C /* Storyboards */ = {
			isa = PBXGroup;
			children = (
				99DB9AE623C271B40074634C /* Main.storyboard */,
				99DB9AEB23C271B70074634C /* LaunchScreen.storyboard */,
			);
			path = Storyboards;
			sourceTree = "<group>";
		};
		99DB9B1323C2AF020074634C /* Model Controllers */ = {
			isa = PBXGroup;
			children = (
				99DB9B2F23C3D3560074634C /* AuthController.swift */,
				99DB9B1D23C39E5B0074634C /* FoodEntryController.swift */,
				99DB9B1723C2B5300074634C /* CoreDataStack.swift */,
			);
			path = "Model Controllers";
			sourceTree = "<group>";
		};
		99DB9B1A23C39CB10074634C /* Models */ = {
			isa = PBXGroup;
			children = (
				99DB9B1423C2B5230074634C /* Gigapet.xcdatamodeld */,
				99DB9B2B23C3B81A0074634C /* FoodEntry+Convenience.swift */,
				99DB9B2D23C3CB230074634C /* FoodEntry+Representation.swift */,
				99DB9B1B23C39D020074634C /* FoodCategory.swift */,
				99DB9B1F23C3A4BD0074634C /* UserInfo.swift */,
				99DB9B6023C63F180074634C /* UserAuth.swift */,
				99DB9B2923C3B59B0074634C /* APIRequestType.swift */,
				99DB9B5723C53F5C0074634C /* EntryDisplayType.swift */,
			);
			path = Models;
			sourceTree = "<group>";
		};
		99DB9B2323C3AAD20074634C /* View Controllers */ = {
			isa = PBXGroup;
			children = (
				99DB9B3E23C4FCE70074634C /* HomeViewController.swift */,
				99DB9B2423C3AB880074634C /* AuthViewController.swift */,
				99DB9B4823C530BF0074634C /* FeedViewController.swift */,
				99DB9B4A23C530E90074634C /* EntriesViewController.swift */,
				99DB9B4C23C530F40074634C /* ChartViewController.swift */,
			);
			path = "View Controllers";
			sourceTree = "<group>";
		};
		99DB9B4123C4FF2E0074634C /* Helpers & Extensions */ = {
			isa = PBXGroup;
			children = (
				99DB9B3323C3D4280074634C /* URL+Convenience.swift */,
				99DB9B4223C4FF440074634C /* String+Convenience.swift */,
			);
			path = "Helpers & Extensions";
			sourceTree = "<group>";
		};
		99DB9B5023C531580074634C /* Views */ = {
			isa = PBXGroup;
			children = (
				99DB9B4E23C531500074634C /* GigaPetButton.swift */,
				99DB9B5323C53F1E0074634C /* EntryTableViewCell.swift */,
				99DB9B5523C53F2F0074634C /* TimePeriodTableViewCell.swift */,
			);
			path = Views;
			sourceTree = "<group>";
		};
		99DB9B5923C545AB0074634C /* UI Delegates & DataSources */ = {
			isa = PBXGroup;
			children = (
				99DB9B5123C53C1C0074634C /* EntriesTableViewDataSource.swift */,
			);
			path = "UI Delegates & DataSources";
			sourceTree = "<group>";
		};
		A7D504ADAD6568315F896DFF /* Frameworks */ = {
			isa = PBXGroup;
			children = (
				D956DCBDFA14B91403A28D8A /* Pods_Gigapet.framework */,
				6FF02C2B5C4EECF9D32D6648 /* Pods_Gigapet_GigapetUITests.framework */,
				D04FFE09A19C3227EF4D1E34 /* Pods_GigapetTests.framework */,
			);
			name = Frameworks;
			sourceTree = "<group>";
		};
/* End PBXGroup section */

/* Begin PBXNativeTarget section */
		99DB9ADC23C271B40074634C /* Gigapet */ = {
			isa = PBXNativeTarget;
			buildConfigurationList = 99DB9B0723C271B70074634C /* Build configuration list for PBXNativeTarget "Gigapet" */;
			buildPhases = (
				616E0AF12BC0FA678B08A993 /* [CP] Check Pods Manifest.lock */,
				99DB9AD923C271B40074634C /* Sources */,
				99DB9ADA23C271B40074634C /* Frameworks */,
				99DB9ADB23C271B40074634C /* Resources */,
				16133B013A62F9442E8439A5 /* [CP] Embed Pods Frameworks */,
				99DB9B1923C395EF0074634C /* ShellScript */,
			);
			buildRules = (
			);
			dependencies = (
			);
			name = Gigapet;
			productName = Gigapet;
			productReference = 99DB9ADD23C271B40074634C /* Gigapet.app */;
			productType = "com.apple.product-type.application";
		};
		99DB9AF223C271B70074634C /* GigapetTests */ = {
			isa = PBXNativeTarget;
			buildConfigurationList = 99DB9B0A23C271B70074634C /* Build configuration list for PBXNativeTarget "GigapetTests" */;
			buildPhases = (
				7405B9B1D5735533F9957DFC /* [CP] Check Pods Manifest.lock */,
				99DB9AEF23C271B70074634C /* Sources */,
				99DB9AF023C271B70074634C /* Frameworks */,
				99DB9AF123C271B70074634C /* Resources */,
			);
			buildRules = (
			);
			dependencies = (
				99DB9AF523C271B70074634C /* PBXTargetDependency */,
			);
			name = GigapetTests;
			productName = GigapetTests;
			productReference = 99DB9AF323C271B70074634C /* GigapetTests.xctest */;
			productType = "com.apple.product-type.bundle.unit-test";
		};
		99DB9AFD23C271B70074634C /* GigapetUITests */ = {
			isa = PBXNativeTarget;
			buildConfigurationList = 99DB9B0D23C271B70074634C /* Build configuration list for PBXNativeTarget "GigapetUITests" */;
			buildPhases = (
				149F357CB57D70D80919A898 /* [CP] Check Pods Manifest.lock */,
				99DB9AFA23C271B70074634C /* Sources */,
				99DB9AFB23C271B70074634C /* Frameworks */,
				99DB9AFC23C271B70074634C /* Resources */,
				B51E310592F1D5247A0805D2 /* [CP] Embed Pods Frameworks */,
			);
			buildRules = (
			);
			dependencies = (
				99DB9B0023C271B70074634C /* PBXTargetDependency */,
			);
			name = GigapetUITests;
			productName = GigapetUITests;
			productReference = 99DB9AFE23C271B70074634C /* GigapetUITests.xctest */;
			productType = "com.apple.product-type.bundle.ui-testing";
		};
/* End PBXNativeTarget section */

/* Begin PBXProject section */
		99DB9AD523C271B40074634C /* Project object */ = {
			isa = PBXProject;
			attributes = {
				LastSwiftUpdateCheck = 1130;
				LastUpgradeCheck = 1130;
				ORGANIZATIONNAME = "Jon Bash";
				TargetAttributes = {
					99DB9ADC23C271B40074634C = {
						CreatedOnToolsVersion = 11.3;
					};
					99DB9AF223C271B70074634C = {
						CreatedOnToolsVersion = 11.3;
						TestTargetID = 99DB9ADC23C271B40074634C;
					};
					99DB9AFD23C271B70074634C = {
						CreatedOnToolsVersion = 11.3;
						TestTargetID = 99DB9ADC23C271B40074634C;
					};
				};
			};
			buildConfigurationList = 99DB9AD823C271B40074634C /* Build configuration list for PBXProject "Gigapet" */;
			compatibilityVersion = "Xcode 9.3";
			developmentRegion = en;
			hasScannedForEncodings = 0;
			knownRegions = (
				en,
				Base,
			);
			mainGroup = 99DB9AD423C271B40074634C;
			productRefGroup = 99DB9ADE23C271B40074634C /* Products */;
			projectDirPath = "";
			projectRoot = "";
			targets = (
				99DB9ADC23C271B40074634C /* Gigapet */,
				99DB9AF223C271B70074634C /* GigapetTests */,
				99DB9AFD23C271B70074634C /* GigapetUITests */,
			);
		};
/* End PBXProject section */

/* Begin PBXResourcesBuildPhase section */
		99DB9ADB23C271B40074634C /* Resources */ = {
			isa = PBXResourcesBuildPhase;
			buildActionMask = 2147483647;
			files = (
				99DB9AED23C271B70074634C /* LaunchScreen.storyboard in Resources */,
				99DB9AEA23C271B70074634C /* Assets.xcassets in Resources */,
				99DB9B4723C50E9F0074634C /* BrownOtter.svg in Resources */,
				99DB9AE823C271B40074634C /* Main.storyboard in Resources */,
			);
			runOnlyForDeploymentPostprocessing = 0;
		};
		99DB9AF123C271B70074634C /* Resources */ = {
			isa = PBXResourcesBuildPhase;
			buildActionMask = 2147483647;
			files = (
			);
			runOnlyForDeploymentPostprocessing = 0;
		};
		99DB9AFC23C271B70074634C /* Resources */ = {
			isa = PBXResourcesBuildPhase;
			buildActionMask = 2147483647;
			files = (
			);
			runOnlyForDeploymentPostprocessing = 0;
		};
/* End PBXResourcesBuildPhase section */

/* Begin PBXShellScriptBuildPhase section */
		149F357CB57D70D80919A898 /* [CP] Check Pods Manifest.lock */ = {
			isa = PBXShellScriptBuildPhase;
			buildActionMask = 2147483647;
			files = (
			);
			inputFileListPaths = (
			);
			inputPaths = (
				"${PODS_PODFILE_DIR_PATH}/Podfile.lock",
				"${PODS_ROOT}/Manifest.lock",
			);
			name = "[CP] Check Pods Manifest.lock";
			outputFileListPaths = (
			);
			outputPaths = (
				"$(DERIVED_FILE_DIR)/Pods-Gigapet-GigapetUITests-checkManifestLockResult.txt",
			);
			runOnlyForDeploymentPostprocessing = 0;
			shellPath = /bin/sh;
			shellScript = "diff \"${PODS_PODFILE_DIR_PATH}/Podfile.lock\" \"${PODS_ROOT}/Manifest.lock\" > /dev/null\nif [ $? != 0 ] ; then\n    # print error to STDERR\n    echo \"error: The sandbox is not in sync with the Podfile.lock. Run 'pod install' or update your CocoaPods installation.\" >&2\n    exit 1\nfi\n# This output is used by Xcode 'outputs' to avoid re-running this script phase.\necho \"SUCCESS\" > \"${SCRIPT_OUTPUT_FILE_0}\"\n";
			showEnvVarsInLog = 0;
		};
		16133B013A62F9442E8439A5 /* [CP] Embed Pods Frameworks */ = {
			isa = PBXShellScriptBuildPhase;
			buildActionMask = 2147483647;
			files = (
			);
			inputFileListPaths = (
				"${PODS_ROOT}/Target Support Files/Pods-Gigapet/Pods-Gigapet-frameworks-${CONFIGURATION}-input-files.xcfilelist",
			);
			name = "[CP] Embed Pods Frameworks";
			outputFileListPaths = (
				"${PODS_ROOT}/Target Support Files/Pods-Gigapet/Pods-Gigapet-frameworks-${CONFIGURATION}-output-files.xcfilelist",
			);
			runOnlyForDeploymentPostprocessing = 0;
			shellPath = /bin/sh;
			shellScript = "\"${PODS_ROOT}/Target Support Files/Pods-Gigapet/Pods-Gigapet-frameworks.sh\"\n";
			showEnvVarsInLog = 0;
		};
		616E0AF12BC0FA678B08A993 /* [CP] Check Pods Manifest.lock */ = {
			isa = PBXShellScriptBuildPhase;
			buildActionMask = 2147483647;
			files = (
			);
			inputFileListPaths = (
			);
			inputPaths = (
				"${PODS_PODFILE_DIR_PATH}/Podfile.lock",
				"${PODS_ROOT}/Manifest.lock",
			);
			name = "[CP] Check Pods Manifest.lock";
			outputFileListPaths = (
			);
			outputPaths = (
				"$(DERIVED_FILE_DIR)/Pods-Gigapet-checkManifestLockResult.txt",
			);
			runOnlyForDeploymentPostprocessing = 0;
			shellPath = /bin/sh;
			shellScript = "diff \"${PODS_PODFILE_DIR_PATH}/Podfile.lock\" \"${PODS_ROOT}/Manifest.lock\" > /dev/null\nif [ $? != 0 ] ; then\n    # print error to STDERR\n    echo \"error: The sandbox is not in sync with the Podfile.lock. Run 'pod install' or update your CocoaPods installation.\" >&2\n    exit 1\nfi\n# This output is used by Xcode 'outputs' to avoid re-running this script phase.\necho \"SUCCESS\" > \"${SCRIPT_OUTPUT_FILE_0}\"\n";
			showEnvVarsInLog = 0;
		};
		7405B9B1D5735533F9957DFC /* [CP] Check Pods Manifest.lock */ = {
			isa = PBXShellScriptBuildPhase;
			buildActionMask = 2147483647;
			files = (
			);
			inputFileListPaths = (
			);
			inputPaths = (
				"${PODS_PODFILE_DIR_PATH}/Podfile.lock",
				"${PODS_ROOT}/Manifest.lock",
			);
			name = "[CP] Check Pods Manifest.lock";
			outputFileListPaths = (
			);
			outputPaths = (
				"$(DERIVED_FILE_DIR)/Pods-GigapetTests-checkManifestLockResult.txt",
			);
			runOnlyForDeploymentPostprocessing = 0;
			shellPath = /bin/sh;
			shellScript = "diff \"${PODS_PODFILE_DIR_PATH}/Podfile.lock\" \"${PODS_ROOT}/Manifest.lock\" > /dev/null\nif [ $? != 0 ] ; then\n    # print error to STDERR\n    echo \"error: The sandbox is not in sync with the Podfile.lock. Run 'pod install' or update your CocoaPods installation.\" >&2\n    exit 1\nfi\n# This output is used by Xcode 'outputs' to avoid re-running this script phase.\necho \"SUCCESS\" > \"${SCRIPT_OUTPUT_FILE_0}\"\n";
			showEnvVarsInLog = 0;
		};
		99DB9B1923C395EF0074634C /* ShellScript */ = {
			isa = PBXShellScriptBuildPhase;
			buildActionMask = 2147483647;
			files = (
			);
			inputFileListPaths = (
			);
			inputPaths = (
			);
			outputFileListPaths = (
			);
			outputPaths = (
			);
			runOnlyForDeploymentPostprocessing = 0;
			shellPath = /bin/sh;
			shellScript = "\"${PODS_ROOT}/SwiftLint/swiftlint\"\n";
		};
		B51E310592F1D5247A0805D2 /* [CP] Embed Pods Frameworks */ = {
			isa = PBXShellScriptBuildPhase;
			buildActionMask = 2147483647;
			files = (
			);
			inputFileListPaths = (
				"${PODS_ROOT}/Target Support Files/Pods-Gigapet-GigapetUITests/Pods-Gigapet-GigapetUITests-frameworks-${CONFIGURATION}-input-files.xcfilelist",
			);
			name = "[CP] Embed Pods Frameworks";
			outputFileListPaths = (
				"${PODS_ROOT}/Target Support Files/Pods-Gigapet-GigapetUITests/Pods-Gigapet-GigapetUITests-frameworks-${CONFIGURATION}-output-files.xcfilelist",
			);
			runOnlyForDeploymentPostprocessing = 0;
			shellPath = /bin/sh;
			shellScript = "\"${PODS_ROOT}/Target Support Files/Pods-Gigapet-GigapetUITests/Pods-Gigapet-GigapetUITests-frameworks.sh\"\n";
			showEnvVarsInLog = 0;
		};
/* End PBXShellScriptBuildPhase section */

/* Begin PBXSourcesBuildPhase section */
		99DB9AD923C271B40074634C /* Sources */ = {
			isa = PBXSourcesBuildPhase;
			buildActionMask = 2147483647;
			files = (
				99DB9AE123C271B40074634C /* AppDelegate.swift in Sources */,
				99DB9B5223C53C1C0074634C /* EntriesTableViewDataSource.swift in Sources */,
				99DB9B3023C3D3560074634C /* AuthController.swift in Sources */,
				99DB9B5423C53F1E0074634C /* EntryTableViewCell.swift in Sources */,
				99DB9AE323C271B40074634C /* SceneDelegate.swift in Sources */,
				99DB9B2C23C3B81A0074634C /* FoodEntry+Convenience.swift in Sources */,
				99DB9B1623C2B5230074634C /* Gigapet.xcdatamodeld in Sources */,
				99DB9B4D23C530F40074634C /* ChartViewController.swift in Sources */,
				99DB9B4B23C530E90074634C /* EntriesViewController.swift in Sources */,
				99DB9B3F23C4FCE70074634C /* HomeViewController.swift in Sources */,
				99DB9B4923C530BF0074634C /* FeedViewController.swift in Sources */,
				99DB9B3423C3D4280074634C /* URL+Convenience.swift in Sources */,
				99DB9B2E23C3CB230074634C /* FoodEntry+Representation.swift in Sources */,
				99DB9B2523C3AB880074634C /* AuthViewController.swift in Sources */,
				99DB9B1E23C39E5B0074634C /* FoodEntryController.swift in Sources */,
				99DB9B1C23C39D020074634C /* FoodCategory.swift in Sources */,
				99DB9B2023C3A4BE0074634C /* UserInfo.swift in Sources */,
				99DB9B2A23C3B59B0074634C /* APIRequestType.swift in Sources */,
				99DB9B4323C4FF440074634C /* String+Convenience.swift in Sources */,
				99DB9B6123C63F180074634C /* UserAuth.swift in Sources */,
				99DB9B5623C53F2F0074634C /* TimePeriodTableViewCell.swift in Sources */,
				99DB9B4F23C531500074634C /* GigaPetButton.swift in Sources */,
				99DB9B5823C53F5C0074634C /* EntryDisplayType.swift in Sources */,
				99DB9B1823C2B5300074634C /* CoreDataStack.swift in Sources */,
			);
			runOnlyForDeploymentPostprocessing = 0;
		};
		99DB9AEF23C271B70074634C /* Sources */ = {
			isa = PBXSourcesBuildPhase;
			buildActionMask = 2147483647;
			files = (
				99DB9AF823C271B70074634C /* GigapetTests.swift in Sources */,
			);
			runOnlyForDeploymentPostprocessing = 0;
		};
		99DB9AFA23C271B70074634C /* Sources */ = {
			isa = PBXSourcesBuildPhase;
			buildActionMask = 2147483647;
			files = (
				99DB9B0323C271B70074634C /* GigapetUITests.swift in Sources */,
			);
			runOnlyForDeploymentPostprocessing = 0;
		};
/* End PBXSourcesBuildPhase section */

/* Begin PBXTargetDependency section */
		99DB9AF523C271B70074634C /* PBXTargetDependency */ = {
			isa = PBXTargetDependency;
			target = 99DB9ADC23C271B40074634C /* Gigapet */;
			targetProxy = 99DB9AF423C271B70074634C /* PBXContainerItemProxy */;
		};
		99DB9B0023C271B70074634C /* PBXTargetDependency */ = {
			isa = PBXTargetDependency;
			target = 99DB9ADC23C271B40074634C /* Gigapet */;
			targetProxy = 99DB9AFF23C271B70074634C /* PBXContainerItemProxy */;
		};
/* End PBXTargetDependency section */

/* Begin PBXVariantGroup section */
		99DB9AE623C271B40074634C /* Main.storyboard */ = {
			isa = PBXVariantGroup;
			children = (
				99DB9AE723C271B40074634C /* Base */,
			);
			name = Main.storyboard;
			sourceTree = "<group>";
		};
		99DB9AEB23C271B70074634C /* LaunchScreen.storyboard */ = {
			isa = PBXVariantGroup;
			children = (
				99DB9AEC23C271B70074634C /* Base */,
			);
			name = LaunchScreen.storyboard;
			sourceTree = "<group>";
		};
/* End PBXVariantGroup section */

/* Begin XCBuildConfiguration section */
		99DB9B0523C271B70074634C /* Debug */ = {
			isa = XCBuildConfiguration;
			buildSettings = {
				ALWAYS_SEARCH_USER_PATHS = NO;
				CLANG_ANALYZER_NONNULL = YES;
				CLANG_ANALYZER_NUMBER_OBJECT_CONVERSION = YES_AGGRESSIVE;
				CLANG_CXX_LANGUAGE_STANDARD = "gnu++14";
				CLANG_CXX_LIBRARY = "libc++";
				CLANG_ENABLE_MODULES = YES;
				CLANG_ENABLE_OBJC_ARC = YES;
				CLANG_ENABLE_OBJC_WEAK = YES;
				CLANG_WARN_BLOCK_CAPTURE_AUTORELEASING = YES;
				CLANG_WARN_BOOL_CONVERSION = YES;
				CLANG_WARN_COMMA = YES;
				CLANG_WARN_CONSTANT_CONVERSION = YES;
				CLANG_WARN_DEPRECATED_OBJC_IMPLEMENTATIONS = YES;
				CLANG_WARN_DIRECT_OBJC_ISA_USAGE = YES_ERROR;
				CLANG_WARN_DOCUMENTATION_COMMENTS = YES;
				CLANG_WARN_EMPTY_BODY = YES;
				CLANG_WARN_ENUM_CONVERSION = YES;
				CLANG_WARN_INFINITE_RECURSION = YES;
				CLANG_WARN_INT_CONVERSION = YES;
				CLANG_WARN_NON_LITERAL_NULL_CONVERSION = YES;
				CLANG_WARN_OBJC_IMPLICIT_RETAIN_SELF = YES;
				CLANG_WARN_OBJC_LITERAL_CONVERSION = YES;
				CLANG_WARN_OBJC_ROOT_CLASS = YES_ERROR;
				CLANG_WARN_RANGE_LOOP_ANALYSIS = YES;
				CLANG_WARN_STRICT_PROTOTYPES = YES;
				CLANG_WARN_SUSPICIOUS_MOVE = YES;
				CLANG_WARN_UNGUARDED_AVAILABILITY = YES_AGGRESSIVE;
				CLANG_WARN_UNREACHABLE_CODE = YES;
				CLANG_WARN__DUPLICATE_METHOD_MATCH = YES;
				COPY_PHASE_STRIP = NO;
				DEBUG_INFORMATION_FORMAT = dwarf;
				ENABLE_STRICT_OBJC_MSGSEND = YES;
				ENABLE_TESTABILITY = YES;
				GCC_C_LANGUAGE_STANDARD = gnu11;
				GCC_DYNAMIC_NO_PIC = NO;
				GCC_NO_COMMON_BLOCKS = YES;
				GCC_OPTIMIZATION_LEVEL = 0;
				GCC_PREPROCESSOR_DEFINITIONS = (
					"DEBUG=1",
					"$(inherited)",
				);
				GCC_WARN_64_TO_32_BIT_CONVERSION = YES;
				GCC_WARN_ABOUT_RETURN_TYPE = YES_ERROR;
				GCC_WARN_UNDECLARED_SELECTOR = YES;
				GCC_WARN_UNINITIALIZED_AUTOS = YES_AGGRESSIVE;
				GCC_WARN_UNUSED_FUNCTION = YES;
				GCC_WARN_UNUSED_VARIABLE = YES;
				IPHONEOS_DEPLOYMENT_TARGET = 13.2;
				MTL_ENABLE_DEBUG_INFO = INCLUDE_SOURCE;
				MTL_FAST_MATH = YES;
				ONLY_ACTIVE_ARCH = YES;
				SDKROOT = iphoneos;
				SWIFT_ACTIVE_COMPILATION_CONDITIONS = DEBUG;
				SWIFT_OPTIMIZATION_LEVEL = "-Onone";
			};
			name = Debug;
		};
		99DB9B0623C271B70074634C /* Release */ = {
			isa = XCBuildConfiguration;
			buildSettings = {
				ALWAYS_SEARCH_USER_PATHS = NO;
				CLANG_ANALYZER_NONNULL = YES;
				CLANG_ANALYZER_NUMBER_OBJECT_CONVERSION = YES_AGGRESSIVE;
				CLANG_CXX_LANGUAGE_STANDARD = "gnu++14";
				CLANG_CXX_LIBRARY = "libc++";
				CLANG_ENABLE_MODULES = YES;
				CLANG_ENABLE_OBJC_ARC = YES;
				CLANG_ENABLE_OBJC_WEAK = YES;
				CLANG_WARN_BLOCK_CAPTURE_AUTORELEASING = YES;
				CLANG_WARN_BOOL_CONVERSION = YES;
				CLANG_WARN_COMMA = YES;
				CLANG_WARN_CONSTANT_CONVERSION = YES;
				CLANG_WARN_DEPRECATED_OBJC_IMPLEMENTATIONS = YES;
				CLANG_WARN_DIRECT_OBJC_ISA_USAGE = YES_ERROR;
				CLANG_WARN_DOCUMENTATION_COMMENTS = YES;
				CLANG_WARN_EMPTY_BODY = YES;
				CLANG_WARN_ENUM_CONVERSION = YES;
				CLANG_WARN_INFINITE_RECURSION = YES;
				CLANG_WARN_INT_CONVERSION = YES;
				CLANG_WARN_NON_LITERAL_NULL_CONVERSION = YES;
				CLANG_WARN_OBJC_IMPLICIT_RETAIN_SELF = YES;
				CLANG_WARN_OBJC_LITERAL_CONVERSION = YES;
				CLANG_WARN_OBJC_ROOT_CLASS = YES_ERROR;
				CLANG_WARN_RANGE_LOOP_ANALYSIS = YES;
				CLANG_WARN_STRICT_PROTOTYPES = YES;
				CLANG_WARN_SUSPICIOUS_MOVE = YES;
				CLANG_WARN_UNGUARDED_AVAILABILITY = YES_AGGRESSIVE;
				CLANG_WARN_UNREACHABLE_CODE = YES;
				CLANG_WARN__DUPLICATE_METHOD_MATCH = YES;
				COPY_PHASE_STRIP = NO;
				DEBUG_INFORMATION_FORMAT = "dwarf-with-dsym";
				ENABLE_NS_ASSERTIONS = NO;
				ENABLE_STRICT_OBJC_MSGSEND = YES;
				GCC_C_LANGUAGE_STANDARD = gnu11;
				GCC_NO_COMMON_BLOCKS = YES;
				GCC_WARN_64_TO_32_BIT_CONVERSION = YES;
				GCC_WARN_ABOUT_RETURN_TYPE = YES_ERROR;
				GCC_WARN_UNDECLARED_SELECTOR = YES;
				GCC_WARN_UNINITIALIZED_AUTOS = YES_AGGRESSIVE;
				GCC_WARN_UNUSED_FUNCTION = YES;
				GCC_WARN_UNUSED_VARIABLE = YES;
				IPHONEOS_DEPLOYMENT_TARGET = 13.2;
				MTL_ENABLE_DEBUG_INFO = NO;
				MTL_FAST_MATH = YES;
				SDKROOT = iphoneos;
				SWIFT_COMPILATION_MODE = wholemodule;
				SWIFT_OPTIMIZATION_LEVEL = "-O";
				VALIDATE_PRODUCT = YES;
			};
			name = Release;
		};
		99DB9B0823C271B70074634C /* Debug */ = {
			isa = XCBuildConfiguration;
			baseConfigurationReference = A50DE60A83667D51DD4F6216 /* Pods-Gigapet.debug.xcconfig */;
			buildSettings = {
				ASSETCATALOG_COMPILER_APPICON_NAME = AppIcon;
				CODE_SIGN_STYLE = Automatic;
				CURRENT_PROJECT_VERSION = 3;
				DEVELOPMENT_TEAM = 22X3GA956P;
				INFOPLIST_FILE = Gigapet/Application/Info.plist;
				LD_RUNPATH_SEARCH_PATHS = (
					"$(inherited)",
					"@executable_path/Frameworks",
				);
				MARKETING_VERSION = 0.1;
				PRODUCT_BUNDLE_IDENTIFIER = com.jonbash.Gigapet;
				PRODUCT_NAME = "$(TARGET_NAME)";
				SWIFT_VERSION = 5.0;
				TARGETED_DEVICE_FAMILY = "1,2";
			};
			name = Debug;
		};
		99DB9B0923C271B70074634C /* Release */ = {
			isa = XCBuildConfiguration;
			baseConfigurationReference = 3E535FFCB4D01501E6B09A5A /* Pods-Gigapet.release.xcconfig */;
			buildSettings = {
				ASSETCATALOG_COMPILER_APPICON_NAME = AppIcon;
				CODE_SIGN_STYLE = Automatic;
				CURRENT_PROJECT_VERSION = 3;
				DEVELOPMENT_TEAM = 22X3GA956P;
				INFOPLIST_FILE = Gigapet/Application/Info.plist;
				LD_RUNPATH_SEARCH_PATHS = (
					"$(inherited)",
					"@executable_path/Frameworks",
				);
				MARKETING_VERSION = 0.1;
				PRODUCT_BUNDLE_IDENTIFIER = com.jonbash.Gigapet;
				PRODUCT_NAME = "$(TARGET_NAME)";
				SWIFT_VERSION = 5.0;
				TARGETED_DEVICE_FAMILY = "1,2";
			};
			name = Release;
		};
		99DB9B0B23C271B70074634C /* Debug */ = {
			isa = XCBuildConfiguration;
			baseConfigurationReference = 99A6C86226D52198F518E7D0 /* Pods-GigapetTests.debug.xcconfig */;
			buildSettings = {
				ALWAYS_EMBED_SWIFT_STANDARD_LIBRARIES = YES;
				BUNDLE_LOADER = "$(TEST_HOST)";
				CODE_SIGN_STYLE = Automatic;
				DEVELOPMENT_TEAM = 22X3GA956P;
				INFOPLIST_FILE = GigapetTests/Info.plist;
				IPHONEOS_DEPLOYMENT_TARGET = 13.2;
				LD_RUNPATH_SEARCH_PATHS = (
					"$(inherited)",
					"@executable_path/Frameworks",
					"@loader_path/Frameworks",
				);
				PRODUCT_BUNDLE_IDENTIFIER = com.jonbash.GigapetTests;
				PRODUCT_NAME = "$(TARGET_NAME)";
				SWIFT_VERSION = 5.0;
				TARGETED_DEVICE_FAMILY = "1,2";
				TEST_HOST = "$(BUILT_PRODUCTS_DIR)/Gigapet.app/Gigapet";
			};
			name = Debug;
		};
		99DB9B0C23C271B70074634C /* Release */ = {
			isa = XCBuildConfiguration;
			baseConfigurationReference = B885F7701F7053E0215276B7 /* Pods-GigapetTests.release.xcconfig */;
			buildSettings = {
				ALWAYS_EMBED_SWIFT_STANDARD_LIBRARIES = YES;
				BUNDLE_LOADER = "$(TEST_HOST)";
				CODE_SIGN_STYLE = Automatic;
				DEVELOPMENT_TEAM = 22X3GA956P;
				INFOPLIST_FILE = GigapetTests/Info.plist;
				IPHONEOS_DEPLOYMENT_TARGET = 13.2;
				LD_RUNPATH_SEARCH_PATHS = (
					"$(inherited)",
					"@executable_path/Frameworks",
					"@loader_path/Frameworks",
				);
				PRODUCT_BUNDLE_IDENTIFIER = com.jonbash.GigapetTests;
				PRODUCT_NAME = "$(TARGET_NAME)";
				SWIFT_VERSION = 5.0;
				TARGETED_DEVICE_FAMILY = "1,2";
				TEST_HOST = "$(BUILT_PRODUCTS_DIR)/Gigapet.app/Gigapet";
			};
			name = Release;
		};
		99DB9B0E23C271B70074634C /* Debug */ = {
			isa = XCBuildConfiguration;
			baseConfigurationReference = 0CC470D860589D32538F0BED /* Pods-Gigapet-GigapetUITests.debug.xcconfig */;
			buildSettings = {
				ALWAYS_EMBED_SWIFT_STANDARD_LIBRARIES = YES;
				CODE_SIGN_STYLE = Automatic;
				DEVELOPMENT_TEAM = 22X3GA956P;
				INFOPLIST_FILE = GigapetUITests/Info.plist;
				LD_RUNPATH_SEARCH_PATHS = (
					"$(inherited)",
					"@executable_path/Frameworks",
					"@loader_path/Frameworks",
				);
				PRODUCT_BUNDLE_IDENTIFIER = com.jonbash.GigapetUITests;
				PRODUCT_NAME = "$(TARGET_NAME)";
				SWIFT_VERSION = 5.0;
				TARGETED_DEVICE_FAMILY = "1,2";
				TEST_TARGET_NAME = Gigapet;
			};
			name = Debug;
		};
		99DB9B0F23C271B70074634C /* Release */ = {
			isa = XCBuildConfiguration;
			baseConfigurationReference = D41ED3DE26015FBF36D9755F /* Pods-Gigapet-GigapetUITests.release.xcconfig */;
			buildSettings = {
				ALWAYS_EMBED_SWIFT_STANDARD_LIBRARIES = YES;
				CODE_SIGN_STYLE = Automatic;
				DEVELOPMENT_TEAM = 22X3GA956P;
				INFOPLIST_FILE = GigapetUITests/Info.plist;
				LD_RUNPATH_SEARCH_PATHS = (
					"$(inherited)",
					"@executable_path/Frameworks",
					"@loader_path/Frameworks",
				);
				PRODUCT_BUNDLE_IDENTIFIER = com.jonbash.GigapetUITests;
				PRODUCT_NAME = "$(TARGET_NAME)";
				SWIFT_VERSION = 5.0;
				TARGETED_DEVICE_FAMILY = "1,2";
				TEST_TARGET_NAME = Gigapet;
			};
			name = Release;
		};
/* End XCBuildConfiguration section */

/* Begin XCConfigurationList section */
		99DB9AD823C271B40074634C /* Build configuration list for PBXProject "Gigapet" */ = {
			isa = XCConfigurationList;
			buildConfigurations = (
				99DB9B0523C271B70074634C /* Debug */,
				99DB9B0623C271B70074634C /* Release */,
			);
			defaultConfigurationIsVisible = 0;
			defaultConfigurationName = Release;
		};
		99DB9B0723C271B70074634C /* Build configuration list for PBXNativeTarget "Gigapet" */ = {
			isa = XCConfigurationList;
			buildConfigurations = (
				99DB9B0823C271B70074634C /* Debug */,
				99DB9B0923C271B70074634C /* Release */,
			);
			defaultConfigurationIsVisible = 0;
			defaultConfigurationName = Release;
		};
		99DB9B0A23C271B70074634C /* Build configuration list for PBXNativeTarget "GigapetTests" */ = {
			isa = XCConfigurationList;
			buildConfigurations = (
				99DB9B0B23C271B70074634C /* Debug */,
				99DB9B0C23C271B70074634C /* Release */,
			);
			defaultConfigurationIsVisible = 0;
			defaultConfigurationName = Release;
		};
		99DB9B0D23C271B70074634C /* Build configuration list for PBXNativeTarget "GigapetUITests" */ = {
			isa = XCConfigurationList;
			buildConfigurations = (
				99DB9B0E23C271B70074634C /* Debug */,
				99DB9B0F23C271B70074634C /* Release */,
			);
			defaultConfigurationIsVisible = 0;
			defaultConfigurationName = Release;
		};
/* End XCConfigurationList section */

/* Begin XCVersionGroup section */
		99DB9B1423C2B5230074634C /* Gigapet.xcdatamodeld */ = {
			isa = XCVersionGroup;
			children = (
				99DB9B1523C2B5230074634C /* Gigapet.xcdatamodel */,
			);
			currentVersion = 99DB9B1523C2B5230074634C /* Gigapet.xcdatamodel */;
			path = Gigapet.xcdatamodeld;
			sourceTree = "<group>";
			versionGroupType = wrapper.xcdatamodel;
		};
/* End XCVersionGroup section */
	};
	rootObject = 99DB9AD523C271B40074634C /* Project object */;
}
